version: 2.0
shards:
  codex_bridge:
    git: https://github.com/tinrelay/codex-bridge.git
    version: 0.3.0+git.commit.fb01ee91df8cfeffe397c83936428a691fbf820e

  db:
    git: https://github.com/crystal-lang/crystal-db.git
    version: 0.14.0

  markd:
    git: https://github.com/icyleaf/markd.git
    version: 0.6.0

  sqlite3:
    git: https://github.com/crystal-lang/crystal-sqlite3.git
    version: 0.23.0
