version: 2.0
shards:
  codex_bridge:
    git: https://github.com/tinrelay/codex-bridge.git
    version: 0.3.2+git.commit.2fdd2e662c49aa7c08cd63d32aff60384e035b68

  db:
    git: https://github.com/crystal-lang/crystal-db.git
    version: 0.14.0

  http_proxy:
    git: https://github.com/tinrelay/http_proxy.git
    version: 0.15.1+git.commit.a7dc25857f93c0923ecacfa80971f4ee28ddce13

  sqlite3:
    git: https://github.com/crystal-lang/crystal-sqlite3.git
    version: 0.23.0
